// !$*UTF8*$!
{
	archiveVersion = 1;
	classes = {
	};
	objectVersion = 50;
	objects = {

/* Begin PBXBuildFile section */
		68079338248F29DD004849F0 /* AppDelegate.m in Sources */ = {isa = PBXBuildFile; fileRef = 68079337248F29DD004849F0 /* AppDelegate.m */; };
		6807933B248F29DD004849F0 /* ViewController.m in Sources */ = {isa = PBXBuildFile; fileRef = 6807933A248F29DD004849F0 /* ViewController.m */; };
		6807933E248F29DD004849F0 /* Main.storyboard in Resources */ = {isa = PBXBuildFile; fileRef = 6807933C248F29DD004849F0 /* Main.storyboard */; };
		68079340248F29DE004849F0 /* Assets.xcassets in Resources */ = {isa = PBXBuildFile; fileRef = 6807933F248F29DE004849F0 /* Assets.xcassets */; };
		68079343248F29DE004849F0 /* LaunchScreen.storyboard in Resources */ = {isa = PBXBuildFile; fileRef = 68079341248F29DE004849F0 /* LaunchScreen.storyboard */; };
		68079346248F29DE004849F0 /* main.m in Sources */ = {isa = PBXBuildFile; fileRef = 68079345248F29DE004849F0 /* main.m */; };
		68079353248F2AB6004849F0 /* ZVDynamicClipImage.framework in Frameworks */ = {isa = PBXBuildFile; fileRef = 68079352248F2AB6004849F0 /* ZVDynamicClipImage.framework */; };
		68079354248F2AB6004849F0 /* ZVDynamicClipImage.framework in Embed Frameworks */ = {isa = PBXBuildFile; fileRef = 68079352248F2AB6004849F0 /* ZVDynamicClipImage.framework */; settings = {ATTRIBUTES = (CodeSignOnCopy, RemoveHeadersOnCopy, ); }; };
/* End PBXBuildFile section */

/* Begin PBXCopyFilesBuildPhase section */
		68079355248F2AB6004849F0 /* Embed Frameworks */ = {
			isa = PBXCopyFilesBuildPhase;
			buildActionMask = 2147483647;
			dstPath = "";
			dstSubfolderSpec = 10;
			files = (
				68079354248F2AB6004849F0 /* ZVDynamicClipImage.framework in Embed Frameworks */,
			);
			name = "Embed Frameworks";
			runOnlyForDeploymentPostprocessing = 0;
		};
/* End PBXCopyFilesBuildPhase section */

/* Begin PBXFileReference section */
		68079333248F29DD004849F0 /* ZVDynamicClipImageDemo.app */ = {isa = PBXFileReference; explicitFileType = wrapper.application; includeInIndex = 0; path = ZVDynamicClipImageDemo.app; sourceTree = BUILT_PRODUCTS_DIR; };
		68079336248F29DD004849F0 /* AppDelegate.h */ = {isa = PBXFileReference; lastKnownFileType = sourcecode.c.h; path = AppDelegate.h; sourceTree = "<group>"; };
		68079337248F29DD004849F0 /* AppDelegate.m */ = {isa = PBXFileReference; lastKnownFileType = sourcecode.c.objc; path = AppDelegate.m; sourceTree = "<group>"; };
		68079339248F29DD004849F0 /* ViewController.h */ = {isa = PBXFileReference; lastKnownFileType = sourcecode.c.h; path = ViewController.h; sourceTree = "<group>"; };
		6807933A248F29DD004849F0 /* ViewController.m */ = {isa = PBXFileReference; lastKnownFileType = sourcecode.c.objc; path = ViewController.m; sourceTree = "<group>"; };
		6807933D248F29DD004849F0 /* Base */ = {isa = PBXFileReference; lastKnownFileType = file.storyboard; name = Base; path = Base.lproj/Main.storyboard; sourceTree = "<group>"; };
		6807933F248F29DE004849F0 /* Assets.xcassets */ = {isa = PBXFileReference; lastKnownFileType = folder.assetcatalog; path = Assets.xcassets; sourceTree = "<group>"; };
		68079342248F29DE004849F0 /* Base */ = {isa = PBXFileReference; lastKnownFileType = file.storyboard; name = Base; path = Base.lproj/LaunchScreen.storyboard; sourceTree = "<group>"; };
		68079344248F29DE004849F0 /* Info.plist */ = {isa = PBXFileReference; lastKnownFileType = text.plist.xml; path = Info.plist; sourceTree = "<group>"; };
		68079345248F29DE004849F0 /* main.m */ = {isa = PBXFileReference; lastKnownFileType = sourcecode.c.objc; path = main.m; sourceTree = "<group>"; };
		68079352248F2AB6004849F0 /* ZVDynamicClipImage.framework */ = {isa = PBXFileReference; explicitFileType = wrapper.framework; path = ZVDynamicClipImage.framework; sourceTree = BUILT_PRODUCTS_DIR; };
/* End PBXFileReference section */

/* Begin PBXFrameworksBuildPhase section */
		68079330248F29DD004849F0 /* Frameworks */ = {
			isa = PBXFrameworksBuildPhase;
			buildActionMask = 2147483647;
			files = (
				68079353248F2AB6004849F0 /* ZVDynamicClipImage.framework in Frameworks */,
			);
			runOnlyForDeploymentPostprocessing = 0;
		};
/* End PBXFrameworksBuildPhase section */

/* Begin PBXGroup section */
		6807932A248F29DD004849F0 = {
			isa = PBXGroup;
			children = (
				68079352248F2AB6004849F0 /* ZVDynamicClipImage.framework */,
				68079335248F29DD004849F0 /* ZVDynamicClipImageDemo */,
				68079334248F29DD004849F0 /* Products */,
			);
			sourceTree = "<group>";
		};
		68079334248F29DD004849F0 /* Products */ = {
			isa = PBXGroup;
			children = (
				68079333248F29DD004849F0 /* ZVDynamicClipImageDemo.app */,
			);
			name = Products;
			sourceTree = "<group>";
		};
		68079335248F29DD004849F0 /* ZVDynamicClipImageDemo */ = {
			isa = PBXGroup;
			children = (
				68079336248F29DD004849F0 /* AppDelegate.h */,
				68079337248F29DD004849F0 /* AppDelegate.m */,
				68079339248F29DD004849F0 /* ViewController.h */,
				6807933A248F29DD004849F0 /* ViewController.m */,
				6807933C248F29DD004849F0 /* Main.storyboard */,
				6807933F248F29DE004849F0 /* Assets.xcassets */,
				68079341248F29DE004849F0 /* LaunchScreen.storyboard */,
				68079344248F29DE004849F0 /* Info.plist */,
				68079345248F29DE004849F0 /* main.m */,
			);
			path = ZVDynamicClipImageDemo;
			sourceTree = "<group>";
		};
/* End PBXGroup section */

/* Begin PBXNativeTarget section */
		68079332248F29DD004849F0 /* ZVDynamicClipImageDemo */ = {
			isa = PBXNativeTarget;
			buildConfigurationList = 68079349248F29DE004849F0 /* Build configuration list for PBXNativeTarget "ZVDynamicClipImageDemo" */;
			buildPhases = (
				6807932F248F29DD004849F0 /* Sources */,
				68079330248F29DD004849F0 /* Frameworks */,
				68079331248F29DD004849F0 /* Resources */,
				68079355248F2AB6004849F0 /* Embed Frameworks */,
			);
			buildRules = (
			);
			dependencies = (
			);
			name = ZVDynamicClipImageDemo;
			productName = ZVDynamicClipImageDemo;
			productReference = 68079333248F29DD004849F0 /* ZVDynamicClipImageDemo.app */;
			productType = "com.apple.product-type.application";
		};
/* End PBXNativeTarget section */

/* Begin PBXProject section */
		6807932B248F29DD004849F0 /* Project object */ = {
			isa = PBXProject;
			attributes = {
				LastUpgradeCheck = 1020;
				ORGANIZATIONNAME = CNTP;
				TargetAttributes = {
					68079332248F29DD004849F0 = {
						CreatedOnToolsVersion = 10.2.1;
					};
				};
			};
			buildConfigurationList = 6807932E248F29DD004849F0 /* Build configuration list for PBXProject "ZVDynamicClipImageDemo" */;
			compatibilityVersion = "Xcode 9.3";
			developmentRegion = en;
			hasScannedForEncodings = 0;
			knownRegions = (
				en,
				Base,
			);
			mainGroup = 6807932A248F29DD004849F0;
			productRefGroup = 68079334248F29DD004849F0 /* Products */;
			projectDirPath = "";
			projectRoot = "";
			targets = (
				68079332248F29DD004849F0 /* ZVDynamicClipImageDemo */,
			);
		};
/* End PBXProject section */

/* Begin PBXResourcesBuildPhase section */
		68079331248F29DD004849F0 /* Resources */ = {
			isa = PBXResourcesBuildPhase;
			buildActionMask = 2147483647;
			files = (
				68079343248F29DE004849F0 /* LaunchScreen.storyboard in Resources */,
				68079340248F29DE004849F0 /* Assets.xcassets in Resources */,
				6807933E248F29DD004849F0 /* Main.storyboard in Resources */,
			);
			runOnlyForDeploymentPostprocessing = 0;
		};
/* End PBXResourcesBuildPhase section */

/* Begin PBXSourcesBuildPhase section */
		6807932F248F29DD004849F0 /* Sources */ = {
			isa = PBXSourcesBuildPhase;
			buildActionMask = 2147483647;
			files = (
				6807933B248F29DD004849F0 /* ViewController.m in Sources */,
				68079346248F29DE004849F0 /* main.m in Sources */,
				68079338248F29DD004849F0 /* AppDelegate.m in Sources */,
			);
			runOnlyForDeploymentPostprocessing = 0;
		};
/* End PBXSourcesBuildPhase section */

/* Begin PBXVariantGroup section */
		6807933C248F29DD004849F0 /* Main.storyboard */ = {
			isa = PBXVariantGroup;
			children = (
				6807933D248F29DD004849F0 /* Base */,
			);
			name = Main.storyboard;
			sourceTree = "<group>";
		};
		68079341248F29DE004849F0 /* LaunchScreen.storyboard */ = {
			isa = PBXVariantGroup;
			children = (
				68079342248F29DE004849F0 /* Base */,
			);
			name = LaunchScreen.storyboard;
			sourceTree = "<group>";
		};
/* End PBXVariantGroup section */

/* Begin XCBuildConfiguration section */
		68079347248F29DE004849F0 /* Debug */ = {
			isa = XCBuildConfiguration;
			buildSettings = {
				ALWAYS_SEARCH_USER_PATHS = NO;
				CLANG_ANALYZER_NONNULL = YES;
				CLANG_ANALYZER_NUMBER_OBJECT_CONVERSION = YES_AGGRESSIVE;
				CLANG_CXX_LANGUAGE_STANDARD = "gnu++14";
				CLANG_CXX_LIBRARY = "libc++";
				CLANG_ENABLE_MODULES = YES;
				CLANG_ENABLE_OBJC_ARC = YES;
				CLANG_ENABLE_OBJC_WEAK = YES;
				CLANG_WARN_BLOCK_CAPTURE_AUTORELEASING = YES;
				CLANG_WARN_BOOL_CONVERSION = YES;
				CLANG_WARN_COMMA = YES;
				CLANG_WARN_CONSTANT_CONVERSION = YES;
				CLANG_WARN_DEPRECATED_OBJC_IMPLEMENTATIONS = YES;
				CLANG_WARN_DIRECT_OBJC_ISA_USAGE = YES_ERROR;
				CLANG_WARN_DOCUMENTATION_COMMENTS = YES;
				CLANG_WARN_EMPTY_BODY = YES;
				CLANG_WARN_ENUM_CONVERSION = YES;
				CLANG_WARN_INFINITE_RECURSION = YES;
				CLANG_WARN_INT_CONVERSION = YES;
				CLANG_WARN_NON_LITERAL_NULL_CONVERSION = YES;
				CLANG_WARN_OBJC_IMPLICIT_RETAIN_SELF = YES;
				CLANG_WARN_OBJC_LITERAL_CONVERSION = YES;
				CLANG_WARN_OBJC_ROOT_CLASS = YES_ERROR;
				CLANG_WARN_RANGE_LOOP_ANALYSIS = YES;
				CLANG_WARN_STRICT_PROTOTYPES = YES;
				CLANG_WARN_SUSPICIOUS_MOVE = YES;
				CLANG_WARN_UNGUARDED_AVAILABILITY = YES_AGGRESSIVE;
				CLANG_WARN_UNREACHABLE_CODE = YES;
				CLANG_WARN__DUPLICATE_METHOD_MATCH = YES;
				CODE_SIGN_IDENTITY = "iPhone Developer";
				COPY_PHASE_STRIP = NO;
				DEBUG_INFORMATION_FORMAT = dwarf;
				ENABLE_STRICT_OBJC_MSGSEND = YES;
				ENABLE_TESTABILITY = YES;
				GCC_C_LANGUAGE_STANDARD = gnu11;
				GCC_DYNAMIC_NO_PIC = NO;
				GCC_NO_COMMON_BLOCKS = YES;
				GCC_OPTIMIZATION_LEVEL = 0;
				GCC_PREPROCESSOR_DEFINITIONS = (
					"DEBUG=1",
					"$(inherited)",
				);
				GCC_WARN_64_TO_32_BIT_CONVERSION = YES;
				GCC_WARN_ABOUT_RETURN_TYPE = YES_ERROR;
				GCC_WARN_UNDECLARED_SELECTOR = YES;
				GCC_WARN_UNINITIALIZED_AUTOS = YES_AGGRESSIVE;
				GCC_WARN_UNUSED_FUNCTION = YES;
				GCC_WARN_UNUSED_VARIABLE = YES;
				IPHONEOS_DEPLOYMENT_TARGET = 8.0;
				MTL_ENABLE_DEBUG_INFO = INCLUDE_SOURCE;
				MTL_FAST_MATH = YES;
				ONLY_ACTIVE_ARCH = YES;
				SDKROOT = iphoneos;
			};
			name = Debug;
		};
		68079348248F29DE004849F0 /* Release */ = {
			isa = XCBuildConfiguration;
			buildSettings = {
				ALWAYS_SEARCH_USER_PATHS = NO;
				CLANG_ANALYZER_NONNULL = YES;
				CLANG_ANALYZER_NUMBER_OBJECT_CONVERSION = YES_AGGRESSIVE;
				CLANG_CXX_LANGUAGE_STANDARD = "gnu++14";
				CLANG_CXX_LIBRARY = "libc++";
				CLANG_ENABLE_MODULES = YES;
				CLANG_ENABLE_OBJC_ARC = YES;
				CLANG_ENABLE_OBJC_WEAK = YES;
				CLANG_WARN_BLOCK_CAPTURE_AUTORELEASING = YES;
				CLANG_WARN_BOOL_CONVERSION = YES;
				CLANG_WARN_COMMA = YES;
				CLANG_WARN_CONSTANT_CONVERSION = YES;
				CLANG_WARN_DEPRECATED_OBJC_IMPLEMENTATIONS = YES;
				CLANG_WARN_DIRECT_OBJC_ISA_USAGE = YES_ERROR;
				CLANG_WARN_DOCUMENTATION_COMMENTS = YES;
				CLANG_WARN_EMPTY_BODY = YES;
				CLANG_WARN_ENUM_CONVERSION = YES;
				CLANG_WARN_INFINITE_RECURSION = YES;
				CLANG_WARN_INT_CONVERSION = YES;
				CLANG_WARN_NON_LITERAL_NULL_CONVERSION = YES;
				CLANG_WARN_OBJC_IMPLICIT_RETAIN_SELF = YES;
				CLANG_WARN_OBJC_LITERAL_CONVERSION = YES;
				CLANG_WARN_OBJC_ROOT_CLASS = YES_ERROR;
				CLANG_WARN_RANGE_LOOP_ANALYSIS = YES;
				CLANG_WARN_STRICT_PROTOTYPES = YES;
				CLANG_WARN_SUSPICIOUS_MOVE = YES;
				CLANG_WARN_UNGUARDED_AVAILABILITY = YES_AGGRESSIVE;
				CLANG_WARN_UNREACHABLE_CODE = YES;
				CLANG_WARN__DUPLICATE_METHOD_MATCH = YES;
				CODE_SIGN_IDENTITY = "iPhone Developer";
				COPY_PHASE_STRIP = NO;
				DEBUG_INFORMATION_FORMAT = "dwarf-with-dsym";
				ENABLE_NS_ASSERTIONS = NO;
				ENABLE_STRICT_OBJC_MSGSEND = YES;
				GCC_C_LANGUAGE_STANDARD = gnu11;
				GCC_NO_COMMON_BLOCKS = YES;
				GCC_WARN_64_TO_32_BIT_CONVERSION = YES;
				GCC_WARN_ABOUT_RETURN_TYPE = YES_ERROR;
				GCC_WARN_UNDECLARED_SELECTOR = YES;
				GCC_WARN_UNINITIALIZED_AUTOS = YES_AGGRESSIVE;
				GCC_WARN_UNUSED_FUNCTION = YES;
				GCC_WARN_UNUSED_VARIABLE = YES;
				IPHONEOS_DEPLOYMENT_TARGET = 8.0;
				MTL_ENABLE_DEBUG_INFO = NO;
				MTL_FAST_MATH = YES;
				SDKROOT = iphoneos;
				VALIDATE_PRODUCT = YES;
			};
			name = Release;
		};
		6807934A248F29DE004849F0 /* Debug */ = {
			isa = XCBuildConfiguration;
			buildSettings = {
				ASSETCATALOG_COMPILER_APPICON_NAME = AppIcon;
				CODE_SIGN_STYLE = Automatic;
				DEVELOPMENT_TEAM = TKX5FSG78V;
				INFOPLIST_FILE = ZVDynamicClipImageDemo/Info.plist;
				IPHONEOS_DEPLOYMENT_TARGET = 8.0;
				LD_RUNPATH_SEARCH_PATHS = (
					"$(inherited)",
					"@executable_path/Frameworks",
				);
				PRODUCT_BUNDLE_IDENTIFIER = com.ZVDynamicClipImageDemo;
				PRODUCT_NAME = "$(TARGET_NAME)";
				TARGETED_DEVICE_FAMILY = "1,2";
			};
			name = Debug;
		};
		6807934B248F29DE004849F0 /* Release */ = {
			isa = XCBuildConfiguration;
			buildSettings = {
				ASSETCATALOG_COMPILER_APPICON_NAME = AppIcon;
				CODE_SIGN_STYLE = Automatic;
				DEVELOPMENT_TEAM = TKX5FSG78V;
				INFOPLIST_FILE = ZVDynamicClipImageDemo/Info.plist;
				IPHONEOS_DEPLOYMENT_TARGET = 8.0;
				LD_RUNPATH_SEARCH_PATHS = (
					"$(inherited)",
					"@executable_path/Frameworks",
				);
				PRODUCT_BUNDLE_IDENTIFIER = com.ZVDynamicClipImageDemo;
				PRODUCT_NAME = "$(TARGET_NAME)";
				TARGETED_DEVICE_FAMILY = "1,2";
			};
			name = Release;
		};
/* End XCBuildConfiguration section */

/* Begin XCConfigurationList section */
		6807932E248F29DD004849F0 /* Build configuration list for PBXProject "ZVDynamicClipImageDemo" */ = {
			isa = XCConfigurationList;
			buildConfigurations = (
				68079347248F29DE004849F0 /* Debug */,
				68079348248F29DE004849F0 /* Release */,
			);
			defaultConfigurationIsVisible = 0;
			defaultConfigurationName = Release;
		};
		68079349248F29DE004849F0 /* Build configuration list for PBXNativeTarget "ZVDynamicClipImageDemo" */ = {
			isa = XCConfigurationList;
			buildConfigurations = (
				6807934A248F29DE004849F0 /* Debug */,
				6807934B248F29DE004849F0 /* Release */,
			);
			defaultConfigurationIsVisible = 0;
			defaultConfigurationName = Release;
		};
/* End XCConfigurationList section */
	};
	rootObject = 6807932B248F29DD004849F0 /* Project object */;
}
